
Microsoft Visual Studio Solution File, Format Version 12.00
# Visual Studio Version 16
VisualStudioVersion = 16.0.32106.194
MinimumVisualStudioVersion = 10.0.40219.1
Project("{FAE04EC0-301F-11D3-BF4B-00C04F79EFBC}") = "Asv.Avalonia.Map", "Asv.Avalonia.Map\Asv.Avalonia.Map.csproj", "{02B4A070-FE9A-4E74-AE6A-EC722DC2CEF7}"
EndProject
Project("{FAE04EC0-301F-11D3-BF4B-00C04F79EFBC}") = "Asv.Avalonia.Map.Demo", "Asv.Avalonia.Map.Demo\Asv.Avalonia.Map.Demo.csproj", "{5FA60278-FD6A-42D5-9AD4-2750839044EA}"
EndProject
Project("{2150E333-8FDC-42A3-9474-1A3956D46DE8}") = "Solution items", "Solution items", "{AE1A51B6-7DE4-407E-A7B2-13297F3F68D6}"
	ProjectSection(SolutionItems) = preProject
		Directory.Build.props = Directory.Build.props
		..\.gitignore = ..\.gitignore
		..\build.bat = ..\build.bat
		..\publish_nuget.bat = ..\publish_nuget.bat
		..\README.md = ..\README.md
		..\publish_github.bat = ..\publish_github.bat
		..\LICENSE = ..\LICENSE
	EndProjectSection
EndProject
Global
	GlobalSection(SolutionConfigurationPlatforms) = preSolution
		Debug|Any CPU = Debug|Any CPU
		Release|Any CPU = Release|Any CPU
	EndGlobalSection
	GlobalSection(ProjectConfigurationPlatforms) = postSolution
		{02B4A070-FE9A-4E74-AE6A-EC722DC2CEF7}.Debug|Any CPU.ActiveCfg = Debug|Any CPU
		{02B4A070-FE9A-4E74-AE6A-EC722DC2CEF7}.Debug|Any CPU.Build.0 = Debug|Any CPU
		{02B4A070-FE9A-4E74-AE6A-EC722DC2CEF7}.Release|Any CPU.ActiveCfg = Release|Any CPU
		{02B4A070-FE9A-4E74-AE6A-EC722DC2CEF7}.Release|Any CPU.Build.0 = Release|Any CPU
		{5FA60278-FD6A-42D5-9AD4-2750839044EA}.Debug|Any CPU.ActiveCfg = Debug|Any CPU
		{5FA60278-FD6A-42D5-9AD4-2750839044EA}.Debug|Any CPU.Build.0 = Debug|Any CPU
		{5FA60278-FD6A-42D5-9AD4-2750839044EA}.Release|Any CPU.ActiveCfg = Release|Any CPU
		{5FA60278-FD6A-42D5-9AD4-2750839044EA}.Release|Any CPU.Build.0 = Release|Any CPU
	EndGlobalSection
	GlobalSection(SolutionProperties) = preSolution
		HideSolutionNode = FALSE
	EndGlobalSection
	GlobalSection(ExtensibilityGlobals) = postSolution
		SolutionGuid = {511979E8-38F7-467D-9BC5-F05240911A64}
	EndGlobalSection
EndGlobal
